{
  "version": "5",
  "specifiers": {
    "jsr:@std/assert@1": "1.0.19",
    "jsr:@std/internal@^1.0.12": "1.0.14"
  },
  "jsr": {
    "@std/assert@1.0.19": {
      "integrity": "eaada96ee120cb980bc47e040f82814d786fe8162ecc53c91d8df60b8755991e",
      "dependencies": [
        "jsr:@std/internal"
      ]
    },
    "@std/internal@1.0.14": {
      "integrity": "291516b3d4c35024d6ffbc0a9df5bf4c64116e05b50012cf846710152d2ffdf7"
    }
  },
  "workspace": {
    "members": {
      "web": {
        "packageJson": {
          "dependencies": [
            "npm:@autohire/shared@*",
            "npm:@stripe/connect-js@^3.4.6",
            "npm:@stripe/react-connect-js@^3.4.4",
            "npm:@stripe/react-stripe-js@^6.6.0",
            "npm:@stripe/stripe-js@^9.8.0",
            "npm:@supabase/supabase-js@^2.108.2",
            "npm:@tailwindcss/vite@4",
            "npm:@tanstack/react-query@^5.62.7",
            "npm:@types/leaflet@^1.9.21",
            "npm:@types/node@^25.9.3",
            "npm:@types/react-dom@^18.3.5",
            "npm:@types/react@^18.3.18",
            "npm:@vitejs/plugin-react@^4.3.4",
            "npm:clsx@^2.1.1",
            "npm:leaflet@^1.9.4",
            "npm:lucide-react@0.469",
            "npm:react-dom@^18.3.1",
            "npm:react-leaflet@^4.2.1",
            "npm:react-router-dom@^7.1.1",
            "npm:react@^18.3.1",
            "npm:tailwind-merge@^2.6.0",
            "npm:tailwindcss@4",
            "npm:typescript@^5.7.2",
            "npm:vite@^6.0.5"
          ]
        }
      }
    }
  }
}
